
Microsoft Visual Studio Solution File, Format Version 12.00
# Visual Studio 15
VisualStudioVersion = 15.0.28307.106
MinimumVisualStudioVersion = 10.0.40219.1
Project("{FAE04EC0-301F-11D3-BF4B-00C04F79EFBC}") = "RLE", "RLE\RLE.csproj", "{2A3F4AA3-AA5C-4D73-BC1A-DFC2B19D745B}"
EndProject
Global
	GlobalSection(SolutionConfigurationPlatforms) = preSolution
		Debug|Any CPU = Debug|Any CPU
		Release|Any CPU = Release|Any CPU
	EndGlobalSection
	GlobalSection(ProjectConfigurationPlatforms) = postSolution
		{2A3F4AA3-AA5C-4D73-BC1A-DFC2B19D745B}.Debug|Any CPU.ActiveCfg = Debug|Any CPU
		{2A3F4AA3-AA5C-4D73-BC1A-DFC2B19D745B}.Debug|Any CPU.Build.0 = Debug|Any CPU
		{2A3F4AA3-AA5C-4D73-BC1A-DFC2B19D745B}.Release|Any CPU.ActiveCfg = Release|Any CPU
		{2A3F4AA3-AA5C-4D73-BC1A-DFC2B19D745B}.Release|Any CPU.Build.0 = Release|Any CPU
	EndGlobalSection
	GlobalSection(SolutionProperties) = preSolution
		HideSolutionNode = FALSE
	EndGlobalSection
	GlobalSection(ExtensibilityGlobals) = postSolution
		SolutionGuid = {5D6DAB9A-6A3B-49BA-8ABD-9AEBE50472E7}
	EndGlobalSection
EndGlobal
